
Microsoft Visual Studio Solution File, Format Version 12.00
# Visual Studio Version 16
VisualStudioVersion = 16.0.30330.147
MinimumVisualStudioVersion = 10.0.40219.1
Project("{FAE04EC0-301F-11D3-BF4B-00C04F79EFBC}") = "WebApplication2", "WebApplication2\WebApplication2.csproj", "{728DBA53-6CC5-482D-92FD-6EC7D6EAD7B1}"
EndProject
Global
	GlobalSection(SolutionConfigurationPlatforms) = preSolution
		Debug|Any CPU = Debug|Any CPU
		Release|Any CPU = Release|Any CPU
	EndGlobalSection
	GlobalSection(ProjectConfigurationPlatforms) = postSolution
		{728DBA53-6CC5-482D-92FD-6EC7D6EAD7B1}.Debug|Any CPU.ActiveCfg = Debug|Any CPU
		{728DBA53-6CC5-482D-92FD-6EC7D6EAD7B1}.Debug|Any CPU.Build.0 = Debug|Any CPU
		{728DBA53-6CC5-482D-92FD-6EC7D6EAD7B1}.Release|Any CPU.ActiveCfg = Release|Any CPU
		{728DBA53-6CC5-482D-92FD-6EC7D6EAD7B1}.Release|Any CPU.Build.0 = Release|Any CPU
	EndGlobalSection
	GlobalSection(SolutionProperties) = preSolution
		HideSolutionNode = FALSE
	EndGlobalSection
	GlobalSection(ExtensibilityGlobals) = postSolution
		SolutionGuid = {CF5218CA-AEE6-46DA-86FB-DFBDB583804D}
	EndGlobalSection
EndGlobal
